
Microsoft Visual Studio Solution File, Format Version 12.00
# Visual Studio 14
VisualStudioVersion = 14.0.25420.1
MinimumVisualStudioVersion = 10.0.40219.1
Project("{2150E333-8FDC-42A3-9474-1A3956D46DE8}") = "src", "src", "{B3A189DD-051D-4F8E-97A4-531F5C5BAC74}"
EndProject
Project("{2150E333-8FDC-42A3-9474-1A3956D46DE8}") = "Solution Items", "Solution Items", "{B6ECD4D7-B06E-4B37-B5BE-794E1F67951E}"
	ProjectSection(SolutionItems) = preProject
		global.json = global.json
	EndProjectSection
EndProject
Project("{8BB2217D-0F2D-49D1-97BC-3654ED321F3B}") = "ijw", "src\ijw\ijw.xproj", "{1A0E0C9E-6C47-4FF3-8B6C-493BD077666D}"
EndProject
Project("{8BB2217D-0F2D-49D1-97BC-3654ED321F3B}") = "ijw.Collection", "src\ijw.Collection\ijw.Collection.xproj", "{F646405F-EC48-4CF9-A0C4-16E61CDFAEC1}"
EndProject
Project("{8BB2217D-0F2D-49D1-97BC-3654ED321F3B}") = "ijw.IO", "src\ijw.IO\ijw.IO.xproj", "{E402E1BA-0D7E-44C7-8DBD-9C2BE70F2877}"
EndProject
Project("{8BB2217D-0F2D-49D1-97BC-3654ED321F3B}") = "ijw.Log", "src\ijw.Log\ijw.Log.xproj", "{91DB0FBB-FE60-4996-A96E-1B7478574D29}"
EndProject
Project("{8BB2217D-0F2D-49D1-97BC-3654ED321F3B}") = "ijw.Threading", "src\ijw.Threading\ijw.Threading.xproj", "{12A5FE74-7BF4-4ABD-966B-CBBCD082A409}"
EndProject
Global
	GlobalSection(SolutionConfigurationPlatforms) = preSolution
		Debug|Any CPU = Debug|Any CPU
		Release|Any CPU = Release|Any CPU
	EndGlobalSection
	GlobalSection(ProjectConfigurationPlatforms) = postSolution
		{1A0E0C9E-6C47-4FF3-8B6C-493BD077666D}.Debug|Any CPU.ActiveCfg = Debug|Any CPU
		{1A0E0C9E-6C47-4FF3-8B6C-493BD077666D}.Debug|Any CPU.Build.0 = Debug|Any CPU
		{1A0E0C9E-6C47-4FF3-8B6C-493BD077666D}.Release|Any CPU.ActiveCfg = Release|Any CPU
		{1A0E0C9E-6C47-4FF3-8B6C-493BD077666D}.Release|Any CPU.Build.0 = Release|Any CPU
		{F646405F-EC48-4CF9-A0C4-16E61CDFAEC1}.Debug|Any CPU.ActiveCfg = Debug|Any CPU
		{F646405F-EC48-4CF9-A0C4-16E61CDFAEC1}.Debug|Any CPU.Build.0 = Debug|Any CPU
		{F646405F-EC48-4CF9-A0C4-16E61CDFAEC1}.Release|Any CPU.ActiveCfg = Release|Any CPU
		{F646405F-EC48-4CF9-A0C4-16E61CDFAEC1}.Release|Any CPU.Build.0 = Release|Any CPU
		{E402E1BA-0D7E-44C7-8DBD-9C2BE70F2877}.Debug|Any CPU.ActiveCfg = Debug|Any CPU
		{E402E1BA-0D7E-44C7-8DBD-9C2BE70F2877}.Debug|Any CPU.Build.0 = Debug|Any CPU
		{E402E1BA-0D7E-44C7-8DBD-9C2BE70F2877}.Release|Any CPU.ActiveCfg = Release|Any CPU
		{E402E1BA-0D7E-44C7-8DBD-9C2BE70F2877}.Release|Any CPU.Build.0 = Release|Any CPU
		{91DB0FBB-FE60-4996-A96E-1B7478574D29}.Debug|Any CPU.ActiveCfg = Debug|Any CPU
		{91DB0FBB-FE60-4996-A96E-1B7478574D29}.Debug|Any CPU.Build.0 = Debug|Any CPU
		{91DB0FBB-FE60-4996-A96E-1B7478574D29}.Release|Any CPU.ActiveCfg = Release|Any CPU
		{91DB0FBB-FE60-4996-A96E-1B7478574D29}.Release|Any CPU.Build.0 = Release|Any CPU
		{12A5FE74-7BF4-4ABD-966B-CBBCD082A409}.Debug|Any CPU.ActiveCfg = Debug|Any CPU
		{12A5FE74-7BF4-4ABD-966B-CBBCD082A409}.Debug|Any CPU.Build.0 = Debug|Any CPU
		{12A5FE74-7BF4-4ABD-966B-CBBCD082A409}.Release|Any CPU.ActiveCfg = Release|Any CPU
		{12A5FE74-7BF4-4ABD-966B-CBBCD082A409}.Release|Any CPU.Build.0 = Release|Any CPU
	EndGlobalSection
	GlobalSection(SolutionProperties) = preSolution
		HideSolutionNode = FALSE
	EndGlobalSection
	GlobalSection(NestedProjects) = preSolution
		{1A0E0C9E-6C47-4FF3-8B6C-493BD077666D} = {B3A189DD-051D-4F8E-97A4-531F5C5BAC74}
		{F646405F-EC48-4CF9-A0C4-16E61CDFAEC1} = {B3A189DD-051D-4F8E-97A4-531F5C5BAC74}
		{E402E1BA-0D7E-44C7-8DBD-9C2BE70F2877} = {B3A189DD-051D-4F8E-97A4-531F5C5BAC74}
		{91DB0FBB-FE60-4996-A96E-1B7478574D29} = {B3A189DD-051D-4F8E-97A4-531F5C5BAC74}
		{12A5FE74-7BF4-4ABD-966B-CBBCD082A409} = {B3A189DD-051D-4F8E-97A4-531F5C5BAC74}
	EndGlobalSection
EndGlobal
