
Microsoft Visual Studio Solution File, Format Version 12.00
# Visual Studio 15
VisualStudioVersion = 15.0.26228.9
MinimumVisualStudioVersion = 10.0.40219.1
Project("{2150E333-8FDC-42A3-9474-1A3956D46DE8}") = "src", "src", "{B3A189DD-051D-4F8E-97A4-531F5C5BAC74}"
EndProject
Project("{2150E333-8FDC-42A3-9474-1A3956D46DE8}") = "Windows Desktop", "Windows Desktop", "{FD4D2BA2-103B-49F1-8062-02D262B477C6}"
EndProject
Project("{2150E333-8FDC-42A3-9474-1A3956D46DE8}") = "Cross Platforms", "Cross Platforms", "{DBE124A5-7EF5-43E3-8599-ECF050EC4571}"
EndProject
Project("{2150E333-8FDC-42A3-9474-1A3956D46DE8}") = "binary waiting", "binary waiting", "{827A65C5-C05B-4B05-8FDE-D459B39A1227}"
EndProject
Project("{2150E333-8FDC-42A3-9474-1A3956D46DE8}") = "test", "test", "{041F0D95-3266-4EEE-8B00-1285C4741F13}"
EndProject
Project("{9A19103F-16F7-4668-BE54-9A1E7A4F7556}") = "ijw.Collection", "src\ijw.Collection\ijw.Collection.csproj", "{F646405F-EC48-4CF9-A0C4-16E61CDFAEC1}"
EndProject
Project("{9A19103F-16F7-4668-BE54-9A1E7A4F7556}") = "ijw.IO", "src\ijw.IO\ijw.IO.csproj", "{E402E1BA-0D7E-44C7-8DBD-9C2BE70F2877}"
EndProject
Project("{9A19103F-16F7-4668-BE54-9A1E7A4F7556}") = "ijw.Log", "src\ijw.Log\ijw.Log.csproj", "{91DB0FBB-FE60-4996-A96E-1B7478574D29}"
EndProject
Project("{9A19103F-16F7-4668-BE54-9A1E7A4F7556}") = "ijw.Grid", "src\ijw.Grid\ijw.Grid.csproj", "{CA4FF01B-F94F-429D-8246-4F6A5596936F}"
EndProject
Project("{9A19103F-16F7-4668-BE54-9A1E7A4F7556}") = "ijw.Net", "src\ijw.Net\ijw.Net.csproj", "{DA5D9510-D4D4-473C-9D31-2DDA01FEC73F}"
EndProject
Project("{9A19103F-16F7-4668-BE54-9A1E7A4F7556}") = "ijw.Net.Http", "src\ijw.Net.Http\ijw.Net.Http.csproj", "{53AEE6C8-007B-48DE-B5A1-4D4A75DD5E84}"
EndProject
Project("{9A19103F-16F7-4668-BE54-9A1E7A4F7556}") = "ijw.Maths", "src\ijw.Maths\ijw.Maths.csproj", "{E113F193-9280-4FA0-833C-1BB254D363E2}"
EndProject
Project("{9A19103F-16F7-4668-BE54-9A1E7A4F7556}") = "ijw.Data", "src\ijw.Data\ijw.Data.csproj", "{D1178AC4-F0C6-4D06-8B4B-1A576D386150}"
EndProject
Project("{9A19103F-16F7-4668-BE54-9A1E7A4F7556}") = "ijw.Client", "src\ijw.Client\ijw.Client.csproj", "{79DDCD35-8FC5-4342-85DA-4669D5C71580}"
EndProject
Project("{9A19103F-16F7-4668-BE54-9A1E7A4F7556}") = "ijw.Client.Win32", "src\ijw.Client.Win32\ijw.Client.Win32.csproj", "{9BB64C99-F7CD-4DA5-A692-8722A13128A0}"
EndProject
Project("{9A19103F-16F7-4668-BE54-9A1E7A4F7556}") = "ijw.Client.WinConsole", "src\ijw.Client.WinConsole\ijw.Client.WinConsole.csproj", "{1ED6D572-AF6B-49E0-8DA1-0BDCCCE82352}"
EndProject
Project("{9A19103F-16F7-4668-BE54-9A1E7A4F7556}") = "ijw.Data.Entity", "src\ijw.Data.Entity\ijw.Data.Entity.csproj", "{F290F45F-BDEA-49CF-90DA-713BF490ED02}"
EndProject
Project("{9A19103F-16F7-4668-BE54-9A1E7A4F7556}") = "ijw.AI.ANN", "src\ijw.AI.ANN\ijw.AI.ANN.csproj", "{ABA9213B-B166-4616-B5F7-11DC8BA31DFF}"
EndProject
Project("{9A19103F-16F7-4668-BE54-9A1E7A4F7556}") = "ijw.AI.ANN.BP", "src\ijw.AI.ANN.BP\ijw.AI.ANN.BP.csproj", "{CA9A4D60-8FB0-46B1-AD93-7D7A7FF8EE75}"
EndProject
Project("{9A19103F-16F7-4668-BE54-9A1E7A4F7556}") = "ijw.AI.PSO", "src\ijw.AI.PSO\ijw.AI.PSO.csproj", "{D21843D6-9A47-4FB2-9843-456DE09D869F}"
EndProject
Project("{9A19103F-16F7-4668-BE54-9A1E7A4F7556}") = "ijw.Client.Winform", "src\ijw.Client.Winform\ijw.Client.Winform.csproj", "{99CE32FE-1B03-4DA2-9CEA-92F5675A2A73}"
EndProject
Project("{9A19103F-16F7-4668-BE54-9A1E7A4F7556}") = "ijw.Serialization", "src\ijw.Serialization\ijw.Serialization.csproj", "{122340B6-DA74-42F9-98AC-74E76C56B67E}"
EndProject
Project("{9A19103F-16F7-4668-BE54-9A1E7A4F7556}") = "ijw.Collection.xTest", "test\ijw.Collection.xTest\ijw.Collection.xTest.csproj", "{2978F88E-58D2-4584-B868-DDB22A59AFB2}"
EndProject
Project("{9A19103F-16F7-4668-BE54-9A1E7A4F7556}") = "ijw.Data.xTest", "test\ijw.Data.xTest\ijw.Data.xTest.csproj", "{0960B171-AEA3-4B19-8819-EF6D69B0DA49}"
EndProject
Project("{9A19103F-16F7-4668-BE54-9A1E7A4F7556}") = "ijw.Reflection", "src\ijw.Reflection\ijw.Reflection.csproj", "{B310EBFD-C793-46A8-803F-6A62A6CC396F}"
EndProject
Project("{9A19103F-16F7-4668-BE54-9A1E7A4F7556}") = "ijw.Reflection.xTest", "test\ijw.Reflection.xTest\ijw.Reflection.xTest.csproj", "{03ECD4B6-5AC6-478A-A6C5-83583F5D244C}"
EndProject
Project("{9A19103F-16F7-4668-BE54-9A1E7A4F7556}") = "ijw.Core", "src\ijw.Core\ijw.Core.csproj", "{E6A9B256-541B-44CA-8443-BD19DC60018B}"
EndProject
Project("{9A19103F-16F7-4668-BE54-9A1E7A4F7556}") = "ijw.Core.xTest", "test\ijw.Core.xTest\ijw.Core.xTest.csproj", "{5A73BE2C-88BB-4287-B3AD-003E2F29E4B3}"
EndProject
Project("{FAE04EC0-301F-11D3-BF4B-00C04F79EFBC}") = "ijw.Core.Test.ConsoleApplication.NET452", "test\ijw.Core.Test.ConsoleApplication.NET452\ijw.Core.Test.ConsoleApplication.NET452.csproj", "{9998255C-B684-46D6-AB79-C647E6EA55E9}"
EndProject
Project("{9A19103F-16F7-4668-BE54-9A1E7A4F7556}") = "ijw.Threading.Tasks", "src\ijw.Threading.Tasks\ijw.Threading.Tasks.csproj", "{D2ED379C-AD13-4296-9E5F-04B25B114A58}"
EndProject
Project("{9A19103F-16F7-4668-BE54-9A1E7A4F7556}") = "ijw.Net.Socket.BinaryObject", "src\ijw.Net.Socket.BinaryObject\ijw.Net.Socket.BinaryObject.csproj", "{DA955680-6CFD-46CC-9ECC-998FC536D6B3}"
EndProject
Project("{9A19103F-16F7-4668-BE54-9A1E7A4F7556}") = "ijw.Net.Html", "src\ijw.Net.Html\ijw.Net.Html.csproj", "{829C9476-80E4-4DAF-A6F1-88CA5258907B}"
EndProject
Project("{9A19103F-16F7-4668-BE54-9A1E7A4F7556}") = "ijw.Net.Utils", "src\ijw.Net.Utils\ijw.Net.Utils.csproj", "{F524C772-F24E-40FE-A971-6FAB596C75F7}"
EndProject
Project("{9A19103F-16F7-4668-BE54-9A1E7A4F7556}") = "ijw.Net.Sockets", "src\ijw.Net.Sockets\ijw.Net.Sockets.csproj", "{594C977A-29CD-4634-8EA5-144EBF6648F5}"
EndProject
Project("{2150E333-8FDC-42A3-9474-1A3956D46DE8}") = "mail waiting", "mail waiting", "{04755D4B-4217-4242-9072-E70A80BBD400}"
EndProject
Project("{FAE04EC0-301F-11D3-BF4B-00C04F79EFBC}") = "ijw.Client.Winform.Controls", "src\ijw.Client.Winform.Controls\ijw.Client.Winform.Controls.csproj", "{5BFCEA18-DE2F-402C-89E9-70446C7C4C3B}"
EndProject
Project("{FAE04EC0-301F-11D3-BF4B-00C04F79EFBC}") = "ijw.Client.Winform.Controls.Package", "src\ijw.Client.Winform.Controls.Package\ijw.Client.Winform.Controls.Package.csproj", "{7F0DC87E-AF5B-4B20-AC5C-679F699B173C}"
EndProject
Global
	GlobalSection(SolutionConfigurationPlatforms) = preSolution
		Debug|Any CPU = Debug|Any CPU
		Debug|x86 = Debug|x86
		Release|Any CPU = Release|Any CPU
		Release|x86 = Release|x86
	EndGlobalSection
	GlobalSection(ProjectConfigurationPlatforms) = postSolution
		{F646405F-EC48-4CF9-A0C4-16E61CDFAEC1}.Debug|Any CPU.ActiveCfg = Debug|Any CPU
		{F646405F-EC48-4CF9-A0C4-16E61CDFAEC1}.Debug|Any CPU.Build.0 = Debug|Any CPU
		{F646405F-EC48-4CF9-A0C4-16E61CDFAEC1}.Debug|x86.ActiveCfg = Debug|Any CPU
		{F646405F-EC48-4CF9-A0C4-16E61CDFAEC1}.Debug|x86.Build.0 = Debug|Any CPU
		{F646405F-EC48-4CF9-A0C4-16E61CDFAEC1}.Release|Any CPU.ActiveCfg = Release|Any CPU
		{F646405F-EC48-4CF9-A0C4-16E61CDFAEC1}.Release|Any CPU.Build.0 = Release|Any CPU
		{F646405F-EC48-4CF9-A0C4-16E61CDFAEC1}.Release|x86.ActiveCfg = Release|Any CPU
		{F646405F-EC48-4CF9-A0C4-16E61CDFAEC1}.Release|x86.Build.0 = Release|Any CPU
		{E402E1BA-0D7E-44C7-8DBD-9C2BE70F2877}.Debug|Any CPU.ActiveCfg = Debug|Any CPU
		{E402E1BA-0D7E-44C7-8DBD-9C2BE70F2877}.Debug|Any CPU.Build.0 = Debug|Any CPU
		{E402E1BA-0D7E-44C7-8DBD-9C2BE70F2877}.Debug|x86.ActiveCfg = Debug|Any CPU
		{E402E1BA-0D7E-44C7-8DBD-9C2BE70F2877}.Debug|x86.Build.0 = Debug|Any CPU
		{E402E1BA-0D7E-44C7-8DBD-9C2BE70F2877}.Release|Any CPU.ActiveCfg = Release|Any CPU
		{E402E1BA-0D7E-44C7-8DBD-9C2BE70F2877}.Release|Any CPU.Build.0 = Release|Any CPU
		{E402E1BA-0D7E-44C7-8DBD-9C2BE70F2877}.Release|x86.ActiveCfg = Release|Any CPU
		{E402E1BA-0D7E-44C7-8DBD-9C2BE70F2877}.Release|x86.Build.0 = Release|Any CPU
		{91DB0FBB-FE60-4996-A96E-1B7478574D29}.Debug|Any CPU.ActiveCfg = Debug|Any CPU
		{91DB0FBB-FE60-4996-A96E-1B7478574D29}.Debug|Any CPU.Build.0 = Debug|Any CPU
		{91DB0FBB-FE60-4996-A96E-1B7478574D29}.Debug|x86.ActiveCfg = Debug|Any CPU
		{91DB0FBB-FE60-4996-A96E-1B7478574D29}.Debug|x86.Build.0 = Debug|Any CPU
		{91DB0FBB-FE60-4996-A96E-1B7478574D29}.Release|Any CPU.ActiveCfg = Release|Any CPU
		{91DB0FBB-FE60-4996-A96E-1B7478574D29}.Release|Any CPU.Build.0 = Release|Any CPU
		{91DB0FBB-FE60-4996-A96E-1B7478574D29}.Release|x86.ActiveCfg = Release|Any CPU
		{91DB0FBB-FE60-4996-A96E-1B7478574D29}.Release|x86.Build.0 = Release|Any CPU
		{CA4FF01B-F94F-429D-8246-4F6A5596936F}.Debug|Any CPU.ActiveCfg = Debug|Any CPU
		{CA4FF01B-F94F-429D-8246-4F6A5596936F}.Debug|Any CPU.Build.0 = Debug|Any CPU
		{CA4FF01B-F94F-429D-8246-4F6A5596936F}.Debug|x86.ActiveCfg = Debug|Any CPU
		{CA4FF01B-F94F-429D-8246-4F6A5596936F}.Debug|x86.Build.0 = Debug|Any CPU
		{CA4FF01B-F94F-429D-8246-4F6A5596936F}.Release|Any CPU.ActiveCfg = Release|Any CPU
		{CA4FF01B-F94F-429D-8246-4F6A5596936F}.Release|Any CPU.Build.0 = Release|Any CPU
		{CA4FF01B-F94F-429D-8246-4F6A5596936F}.Release|x86.ActiveCfg = Release|Any CPU
		{CA4FF01B-F94F-429D-8246-4F6A5596936F}.Release|x86.Build.0 = Release|Any CPU
		{DA5D9510-D4D4-473C-9D31-2DDA01FEC73F}.Debug|Any CPU.ActiveCfg = Debug|Any CPU
		{DA5D9510-D4D4-473C-9D31-2DDA01FEC73F}.Debug|Any CPU.Build.0 = Debug|Any CPU
		{DA5D9510-D4D4-473C-9D31-2DDA01FEC73F}.Debug|x86.ActiveCfg = Debug|Any CPU
		{DA5D9510-D4D4-473C-9D31-2DDA01FEC73F}.Debug|x86.Build.0 = Debug|Any CPU
		{DA5D9510-D4D4-473C-9D31-2DDA01FEC73F}.Release|Any CPU.ActiveCfg = Release|Any CPU
		{DA5D9510-D4D4-473C-9D31-2DDA01FEC73F}.Release|Any CPU.Build.0 = Release|Any CPU
		{DA5D9510-D4D4-473C-9D31-2DDA01FEC73F}.Release|x86.ActiveCfg = Release|Any CPU
		{DA5D9510-D4D4-473C-9D31-2DDA01FEC73F}.Release|x86.Build.0 = Release|Any CPU
		{53AEE6C8-007B-48DE-B5A1-4D4A75DD5E84}.Debug|Any CPU.ActiveCfg = Debug|Any CPU
		{53AEE6C8-007B-48DE-B5A1-4D4A75DD5E84}.Debug|Any CPU.Build.0 = Debug|Any CPU
		{53AEE6C8-007B-48DE-B5A1-4D4A75DD5E84}.Debug|x86.ActiveCfg = Debug|Any CPU
		{53AEE6C8-007B-48DE-B5A1-4D4A75DD5E84}.Debug|x86.Build.0 = Debug|Any CPU
		{53AEE6C8-007B-48DE-B5A1-4D4A75DD5E84}.Release|Any CPU.ActiveCfg = Release|Any CPU
		{53AEE6C8-007B-48DE-B5A1-4D4A75DD5E84}.Release|Any CPU.Build.0 = Release|Any CPU
		{53AEE6C8-007B-48DE-B5A1-4D4A75DD5E84}.Release|x86.ActiveCfg = Release|Any CPU
		{53AEE6C8-007B-48DE-B5A1-4D4A75DD5E84}.Release|x86.Build.0 = Release|Any CPU
		{E113F193-9280-4FA0-833C-1BB254D363E2}.Debug|Any CPU.ActiveCfg = Debug|Any CPU
		{E113F193-9280-4FA0-833C-1BB254D363E2}.Debug|Any CPU.Build.0 = Debug|Any CPU
		{E113F193-9280-4FA0-833C-1BB254D363E2}.Debug|x86.ActiveCfg = Debug|Any CPU
		{E113F193-9280-4FA0-833C-1BB254D363E2}.Debug|x86.Build.0 = Debug|Any CPU
		{E113F193-9280-4FA0-833C-1BB254D363E2}.Release|Any CPU.ActiveCfg = Release|Any CPU
		{E113F193-9280-4FA0-833C-1BB254D363E2}.Release|Any CPU.Build.0 = Release|Any CPU
		{E113F193-9280-4FA0-833C-1BB254D363E2}.Release|x86.ActiveCfg = Release|Any CPU
		{E113F193-9280-4FA0-833C-1BB254D363E2}.Release|x86.Build.0 = Release|Any CPU
		{D1178AC4-F0C6-4D06-8B4B-1A576D386150}.Debug|Any CPU.ActiveCfg = Debug|Any CPU
		{D1178AC4-F0C6-4D06-8B4B-1A576D386150}.Debug|Any CPU.Build.0 = Debug|Any CPU
		{D1178AC4-F0C6-4D06-8B4B-1A576D386150}.Debug|x86.ActiveCfg = Debug|Any CPU
		{D1178AC4-F0C6-4D06-8B4B-1A576D386150}.Debug|x86.Build.0 = Debug|Any CPU
		{D1178AC4-F0C6-4D06-8B4B-1A576D386150}.Release|Any CPU.ActiveCfg = Release|Any CPU
		{D1178AC4-F0C6-4D06-8B4B-1A576D386150}.Release|Any CPU.Build.0 = Release|Any CPU
		{D1178AC4-F0C6-4D06-8B4B-1A576D386150}.Release|x86.ActiveCfg = Release|Any CPU
		{D1178AC4-F0C6-4D06-8B4B-1A576D386150}.Release|x86.Build.0 = Release|Any CPU
		{79DDCD35-8FC5-4342-85DA-4669D5C71580}.Debug|Any CPU.ActiveCfg = Debug|Any CPU
		{79DDCD35-8FC5-4342-85DA-4669D5C71580}.Debug|Any CPU.Build.0 = Debug|Any CPU
		{79DDCD35-8FC5-4342-85DA-4669D5C71580}.Debug|x86.ActiveCfg = Debug|Any CPU
		{79DDCD35-8FC5-4342-85DA-4669D5C71580}.Debug|x86.Build.0 = Debug|Any CPU
		{79DDCD35-8FC5-4342-85DA-4669D5C71580}.Release|Any CPU.ActiveCfg = Release|Any CPU
		{79DDCD35-8FC5-4342-85DA-4669D5C71580}.Release|Any CPU.Build.0 = Release|Any CPU
		{79DDCD35-8FC5-4342-85DA-4669D5C71580}.Release|x86.ActiveCfg = Release|Any CPU
		{79DDCD35-8FC5-4342-85DA-4669D5C71580}.Release|x86.Build.0 = Release|Any CPU
		{9BB64C99-F7CD-4DA5-A692-8722A13128A0}.Debug|Any CPU.ActiveCfg = Debug|Any CPU
		{9BB64C99-F7CD-4DA5-A692-8722A13128A0}.Debug|Any CPU.Build.0 = Debug|Any CPU
		{9BB64C99-F7CD-4DA5-A692-8722A13128A0}.Debug|x86.ActiveCfg = Debug|Any CPU
		{9BB64C99-F7CD-4DA5-A692-8722A13128A0}.Debug|x86.Build.0 = Debug|Any CPU
		{9BB64C99-F7CD-4DA5-A692-8722A13128A0}.Release|Any CPU.ActiveCfg = Release|Any CPU
		{9BB64C99-F7CD-4DA5-A692-8722A13128A0}.Release|Any CPU.Build.0 = Release|Any CPU
		{9BB64C99-F7CD-4DA5-A692-8722A13128A0}.Release|x86.ActiveCfg = Release|Any CPU
		{9BB64C99-F7CD-4DA5-A692-8722A13128A0}.Release|x86.Build.0 = Release|Any CPU
		{1ED6D572-AF6B-49E0-8DA1-0BDCCCE82352}.Debug|Any CPU.ActiveCfg = Debug|Any CPU
		{1ED6D572-AF6B-49E0-8DA1-0BDCCCE82352}.Debug|Any CPU.Build.0 = Debug|Any CPU
		{1ED6D572-AF6B-49E0-8DA1-0BDCCCE82352}.Debug|x86.ActiveCfg = Debug|Any CPU
		{1ED6D572-AF6B-49E0-8DA1-0BDCCCE82352}.Debug|x86.Build.0 = Debug|Any CPU
		{1ED6D572-AF6B-49E0-8DA1-0BDCCCE82352}.Release|Any CPU.ActiveCfg = Release|Any CPU
		{1ED6D572-AF6B-49E0-8DA1-0BDCCCE82352}.Release|Any CPU.Build.0 = Release|Any CPU
		{1ED6D572-AF6B-49E0-8DA1-0BDCCCE82352}.Release|x86.ActiveCfg = Release|Any CPU
		{1ED6D572-AF6B-49E0-8DA1-0BDCCCE82352}.Release|x86.Build.0 = Release|Any CPU
		{F290F45F-BDEA-49CF-90DA-713BF490ED02}.Debug|Any CPU.ActiveCfg = Debug|Any CPU
		{F290F45F-BDEA-49CF-90DA-713BF490ED02}.Debug|Any CPU.Build.0 = Debug|Any CPU
		{F290F45F-BDEA-49CF-90DA-713BF490ED02}.Debug|x86.ActiveCfg = Debug|Any CPU
		{F290F45F-BDEA-49CF-90DA-713BF490ED02}.Debug|x86.Build.0 = Debug|Any CPU
		{F290F45F-BDEA-49CF-90DA-713BF490ED02}.Release|Any CPU.ActiveCfg = Release|Any CPU
		{F290F45F-BDEA-49CF-90DA-713BF490ED02}.Release|Any CPU.Build.0 = Release|Any CPU
		{F290F45F-BDEA-49CF-90DA-713BF490ED02}.Release|x86.ActiveCfg = Release|Any CPU
		{F290F45F-BDEA-49CF-90DA-713BF490ED02}.Release|x86.Build.0 = Release|Any CPU
		{ABA9213B-B166-4616-B5F7-11DC8BA31DFF}.Debug|Any CPU.ActiveCfg = Debug|Any CPU
		{ABA9213B-B166-4616-B5F7-11DC8BA31DFF}.Debug|Any CPU.Build.0 = Debug|Any CPU
		{ABA9213B-B166-4616-B5F7-11DC8BA31DFF}.Debug|x86.ActiveCfg = Debug|Any CPU
		{ABA9213B-B166-4616-B5F7-11DC8BA31DFF}.Debug|x86.Build.0 = Debug|Any CPU
		{ABA9213B-B166-4616-B5F7-11DC8BA31DFF}.Release|Any CPU.ActiveCfg = Release|Any CPU
		{ABA9213B-B166-4616-B5F7-11DC8BA31DFF}.Release|Any CPU.Build.0 = Release|Any CPU
		{ABA9213B-B166-4616-B5F7-11DC8BA31DFF}.Release|x86.ActiveCfg = Release|Any CPU
		{ABA9213B-B166-4616-B5F7-11DC8BA31DFF}.Release|x86.Build.0 = Release|Any CPU
		{CA9A4D60-8FB0-46B1-AD93-7D7A7FF8EE75}.Debug|Any CPU.ActiveCfg = Debug|Any CPU
		{CA9A4D60-8FB0-46B1-AD93-7D7A7FF8EE75}.Debug|Any CPU.Build.0 = Debug|Any CPU
		{CA9A4D60-8FB0-46B1-AD93-7D7A7FF8EE75}.Debug|x86.ActiveCfg = Debug|Any CPU
		{CA9A4D60-8FB0-46B1-AD93-7D7A7FF8EE75}.Debug|x86.Build.0 = Debug|Any CPU
		{CA9A4D60-8FB0-46B1-AD93-7D7A7FF8EE75}.Release|Any CPU.ActiveCfg = Release|Any CPU
		{CA9A4D60-8FB0-46B1-AD93-7D7A7FF8EE75}.Release|Any CPU.Build.0 = Release|Any CPU
		{CA9A4D60-8FB0-46B1-AD93-7D7A7FF8EE75}.Release|x86.ActiveCfg = Release|Any CPU
		{CA9A4D60-8FB0-46B1-AD93-7D7A7FF8EE75}.Release|x86.Build.0 = Release|Any CPU
		{D21843D6-9A47-4FB2-9843-456DE09D869F}.Debug|Any CPU.ActiveCfg = Debug|Any CPU
		{D21843D6-9A47-4FB2-9843-456DE09D869F}.Debug|Any CPU.Build.0 = Debug|Any CPU
		{D21843D6-9A47-4FB2-9843-456DE09D869F}.Debug|x86.ActiveCfg = Debug|Any CPU
		{D21843D6-9A47-4FB2-9843-456DE09D869F}.Debug|x86.Build.0 = Debug|Any CPU
		{D21843D6-9A47-4FB2-9843-456DE09D869F}.Release|Any CPU.ActiveCfg = Release|Any CPU
		{D21843D6-9A47-4FB2-9843-456DE09D869F}.Release|Any CPU.Build.0 = Release|Any CPU
		{D21843D6-9A47-4FB2-9843-456DE09D869F}.Release|x86.ActiveCfg = Release|Any CPU
		{D21843D6-9A47-4FB2-9843-456DE09D869F}.Release|x86.Build.0 = Release|Any CPU
		{99CE32FE-1B03-4DA2-9CEA-92F5675A2A73}.Debug|Any CPU.ActiveCfg = Debug|Any CPU
		{99CE32FE-1B03-4DA2-9CEA-92F5675A2A73}.Debug|Any CPU.Build.0 = Debug|Any CPU
		{99CE32FE-1B03-4DA2-9CEA-92F5675A2A73}.Debug|x86.ActiveCfg = Debug|Any CPU
		{99CE32FE-1B03-4DA2-9CEA-92F5675A2A73}.Debug|x86.Build.0 = Debug|Any CPU
		{99CE32FE-1B03-4DA2-9CEA-92F5675A2A73}.Release|Any CPU.ActiveCfg = Release|Any CPU
		{99CE32FE-1B03-4DA2-9CEA-92F5675A2A73}.Release|Any CPU.Build.0 = Release|Any CPU
		{99CE32FE-1B03-4DA2-9CEA-92F5675A2A73}.Release|x86.ActiveCfg = Release|Any CPU
		{99CE32FE-1B03-4DA2-9CEA-92F5675A2A73}.Release|x86.Build.0 = Release|Any CPU
		{122340B6-DA74-42F9-98AC-74E76C56B67E}.Debug|Any CPU.ActiveCfg = Debug|Any CPU
		{122340B6-DA74-42F9-98AC-74E76C56B67E}.Debug|Any CPU.Build.0 = Debug|Any CPU
		{122340B6-DA74-42F9-98AC-74E76C56B67E}.Debug|x86.ActiveCfg = Debug|Any CPU
		{122340B6-DA74-42F9-98AC-74E76C56B67E}.Debug|x86.Build.0 = Debug|Any CPU
		{122340B6-DA74-42F9-98AC-74E76C56B67E}.Release|Any CPU.ActiveCfg = Release|Any CPU
		{122340B6-DA74-42F9-98AC-74E76C56B67E}.Release|Any CPU.Build.0 = Release|Any CPU
		{122340B6-DA74-42F9-98AC-74E76C56B67E}.Release|x86.ActiveCfg = Release|Any CPU
		{122340B6-DA74-42F9-98AC-74E76C56B67E}.Release|x86.Build.0 = Release|Any CPU
		{2978F88E-58D2-4584-B868-DDB22A59AFB2}.Debug|Any CPU.ActiveCfg = Debug|Any CPU
		{2978F88E-58D2-4584-B868-DDB22A59AFB2}.Debug|Any CPU.Build.0 = Debug|Any CPU
		{2978F88E-58D2-4584-B868-DDB22A59AFB2}.Debug|x86.ActiveCfg = Debug|Any CPU
		{2978F88E-58D2-4584-B868-DDB22A59AFB2}.Debug|x86.Build.0 = Debug|Any CPU
		{2978F88E-58D2-4584-B868-DDB22A59AFB2}.Release|Any CPU.ActiveCfg = Release|Any CPU
		{2978F88E-58D2-4584-B868-DDB22A59AFB2}.Release|Any CPU.Build.0 = Release|Any CPU
		{2978F88E-58D2-4584-B868-DDB22A59AFB2}.Release|x86.ActiveCfg = Release|Any CPU
		{2978F88E-58D2-4584-B868-DDB22A59AFB2}.Release|x86.Build.0 = Release|Any CPU
		{0960B171-AEA3-4B19-8819-EF6D69B0DA49}.Debug|Any CPU.ActiveCfg = Debug|Any CPU
		{0960B171-AEA3-4B19-8819-EF6D69B0DA49}.Debug|Any CPU.Build.0 = Debug|Any CPU
		{0960B171-AEA3-4B19-8819-EF6D69B0DA49}.Debug|x86.ActiveCfg = Debug|Any CPU
		{0960B171-AEA3-4B19-8819-EF6D69B0DA49}.Debug|x86.Build.0 = Debug|Any CPU
		{0960B171-AEA3-4B19-8819-EF6D69B0DA49}.Release|Any CPU.ActiveCfg = Release|Any CPU
		{0960B171-AEA3-4B19-8819-EF6D69B0DA49}.Release|Any CPU.Build.0 = Release|Any CPU
		{0960B171-AEA3-4B19-8819-EF6D69B0DA49}.Release|x86.ActiveCfg = Release|Any CPU
		{0960B171-AEA3-4B19-8819-EF6D69B0DA49}.Release|x86.Build.0 = Release|Any CPU
		{B310EBFD-C793-46A8-803F-6A62A6CC396F}.Debug|Any CPU.ActiveCfg = Debug|Any CPU
		{B310EBFD-C793-46A8-803F-6A62A6CC396F}.Debug|Any CPU.Build.0 = Debug|Any CPU
		{B310EBFD-C793-46A8-803F-6A62A6CC396F}.Debug|x86.ActiveCfg = Debug|Any CPU
		{B310EBFD-C793-46A8-803F-6A62A6CC396F}.Debug|x86.Build.0 = Debug|Any CPU
		{B310EBFD-C793-46A8-803F-6A62A6CC396F}.Release|Any CPU.ActiveCfg = Release|Any CPU
		{B310EBFD-C793-46A8-803F-6A62A6CC396F}.Release|Any CPU.Build.0 = Release|Any CPU
		{B310EBFD-C793-46A8-803F-6A62A6CC396F}.Release|x86.ActiveCfg = Release|Any CPU
		{B310EBFD-C793-46A8-803F-6A62A6CC396F}.Release|x86.Build.0 = Release|Any CPU
		{03ECD4B6-5AC6-478A-A6C5-83583F5D244C}.Debug|Any CPU.ActiveCfg = Debug|Any CPU
		{03ECD4B6-5AC6-478A-A6C5-83583F5D244C}.Debug|Any CPU.Build.0 = Debug|Any CPU
		{03ECD4B6-5AC6-478A-A6C5-83583F5D244C}.Debug|x86.ActiveCfg = Debug|Any CPU
		{03ECD4B6-5AC6-478A-A6C5-83583F5D244C}.Debug|x86.Build.0 = Debug|Any CPU
		{03ECD4B6-5AC6-478A-A6C5-83583F5D244C}.Release|Any CPU.ActiveCfg = Release|Any CPU
		{03ECD4B6-5AC6-478A-A6C5-83583F5D244C}.Release|Any CPU.Build.0 = Release|Any CPU
		{03ECD4B6-5AC6-478A-A6C5-83583F5D244C}.Release|x86.ActiveCfg = Release|Any CPU
		{03ECD4B6-5AC6-478A-A6C5-83583F5D244C}.Release|x86.Build.0 = Release|Any CPU
		{E6A9B256-541B-44CA-8443-BD19DC60018B}.Debug|Any CPU.ActiveCfg = Debug|Any CPU
		{E6A9B256-541B-44CA-8443-BD19DC60018B}.Debug|Any CPU.Build.0 = Debug|Any CPU
		{E6A9B256-541B-44CA-8443-BD19DC60018B}.Debug|x86.ActiveCfg = Debug|Any CPU
		{E6A9B256-541B-44CA-8443-BD19DC60018B}.Debug|x86.Build.0 = Debug|Any CPU
		{E6A9B256-541B-44CA-8443-BD19DC60018B}.Release|Any CPU.ActiveCfg = Release|Any CPU
		{E6A9B256-541B-44CA-8443-BD19DC60018B}.Release|Any CPU.Build.0 = Release|Any CPU
		{E6A9B256-541B-44CA-8443-BD19DC60018B}.Release|x86.ActiveCfg = Release|Any CPU
		{E6A9B256-541B-44CA-8443-BD19DC60018B}.Release|x86.Build.0 = Release|Any CPU
		{5A73BE2C-88BB-4287-B3AD-003E2F29E4B3}.Debug|Any CPU.ActiveCfg = Debug|Any CPU
		{5A73BE2C-88BB-4287-B3AD-003E2F29E4B3}.Debug|Any CPU.Build.0 = Debug|Any CPU
		{5A73BE2C-88BB-4287-B3AD-003E2F29E4B3}.Debug|x86.ActiveCfg = Debug|Any CPU
		{5A73BE2C-88BB-4287-B3AD-003E2F29E4B3}.Debug|x86.Build.0 = Debug|Any CPU
		{5A73BE2C-88BB-4287-B3AD-003E2F29E4B3}.Release|Any CPU.ActiveCfg = Release|Any CPU
		{5A73BE2C-88BB-4287-B3AD-003E2F29E4B3}.Release|Any CPU.Build.0 = Release|Any CPU
		{5A73BE2C-88BB-4287-B3AD-003E2F29E4B3}.Release|x86.ActiveCfg = Release|Any CPU
		{5A73BE2C-88BB-4287-B3AD-003E2F29E4B3}.Release|x86.Build.0 = Release|Any CPU
		{9998255C-B684-46D6-AB79-C647E6EA55E9}.Debug|Any CPU.ActiveCfg = Debug|Any CPU
		{9998255C-B684-46D6-AB79-C647E6EA55E9}.Debug|Any CPU.Build.0 = Debug|Any CPU
		{9998255C-B684-46D6-AB79-C647E6EA55E9}.Debug|x86.ActiveCfg = Debug|Any CPU
		{9998255C-B684-46D6-AB79-C647E6EA55E9}.Debug|x86.Build.0 = Debug|Any CPU
		{9998255C-B684-46D6-AB79-C647E6EA55E9}.Release|Any CPU.ActiveCfg = Release|Any CPU
		{9998255C-B684-46D6-AB79-C647E6EA55E9}.Release|Any CPU.Build.0 = Release|Any CPU
		{9998255C-B684-46D6-AB79-C647E6EA55E9}.Release|x86.ActiveCfg = Release|Any CPU
		{9998255C-B684-46D6-AB79-C647E6EA55E9}.Release|x86.Build.0 = Release|Any CPU
		{D2ED379C-AD13-4296-9E5F-04B25B114A58}.Debug|Any CPU.ActiveCfg = Debug|Any CPU
		{D2ED379C-AD13-4296-9E5F-04B25B114A58}.Debug|Any CPU.Build.0 = Debug|Any CPU
		{D2ED379C-AD13-4296-9E5F-04B25B114A58}.Debug|x86.ActiveCfg = Debug|Any CPU
		{D2ED379C-AD13-4296-9E5F-04B25B114A58}.Debug|x86.Build.0 = Debug|Any CPU
		{D2ED379C-AD13-4296-9E5F-04B25B114A58}.Release|Any CPU.ActiveCfg = Release|Any CPU
		{D2ED379C-AD13-4296-9E5F-04B25B114A58}.Release|Any CPU.Build.0 = Release|Any CPU
		{D2ED379C-AD13-4296-9E5F-04B25B114A58}.Release|x86.ActiveCfg = Release|Any CPU
		{D2ED379C-AD13-4296-9E5F-04B25B114A58}.Release|x86.Build.0 = Release|Any CPU
		{DA955680-6CFD-46CC-9ECC-998FC536D6B3}.Debug|Any CPU.ActiveCfg = Debug|Any CPU
		{DA955680-6CFD-46CC-9ECC-998FC536D6B3}.Debug|Any CPU.Build.0 = Debug|Any CPU
		{DA955680-6CFD-46CC-9ECC-998FC536D6B3}.Debug|x86.ActiveCfg = Debug|Any CPU
		{DA955680-6CFD-46CC-9ECC-998FC536D6B3}.Debug|x86.Build.0 = Debug|Any CPU
		{DA955680-6CFD-46CC-9ECC-998FC536D6B3}.Release|Any CPU.ActiveCfg = Release|Any CPU
		{DA955680-6CFD-46CC-9ECC-998FC536D6B3}.Release|Any CPU.Build.0 = Release|Any CPU
		{DA955680-6CFD-46CC-9ECC-998FC536D6B3}.Release|x86.ActiveCfg = Release|Any CPU
		{DA955680-6CFD-46CC-9ECC-998FC536D6B3}.Release|x86.Build.0 = Release|Any CPU
		{829C9476-80E4-4DAF-A6F1-88CA5258907B}.Debug|Any CPU.ActiveCfg = Debug|Any CPU
		{829C9476-80E4-4DAF-A6F1-88CA5258907B}.Debug|Any CPU.Build.0 = Debug|Any CPU
		{829C9476-80E4-4DAF-A6F1-88CA5258907B}.Debug|x86.ActiveCfg = Debug|Any CPU
		{829C9476-80E4-4DAF-A6F1-88CA5258907B}.Debug|x86.Build.0 = Debug|Any CPU
		{829C9476-80E4-4DAF-A6F1-88CA5258907B}.Release|Any CPU.ActiveCfg = Release|Any CPU
		{829C9476-80E4-4DAF-A6F1-88CA5258907B}.Release|Any CPU.Build.0 = Release|Any CPU
		{829C9476-80E4-4DAF-A6F1-88CA5258907B}.Release|x86.ActiveCfg = Release|Any CPU
		{829C9476-80E4-4DAF-A6F1-88CA5258907B}.Release|x86.Build.0 = Release|Any CPU
		{F524C772-F24E-40FE-A971-6FAB596C75F7}.Debug|Any CPU.ActiveCfg = Debug|Any CPU
		{F524C772-F24E-40FE-A971-6FAB596C75F7}.Debug|Any CPU.Build.0 = Debug|Any CPU
		{F524C772-F24E-40FE-A971-6FAB596C75F7}.Debug|x86.ActiveCfg = Debug|Any CPU
		{F524C772-F24E-40FE-A971-6FAB596C75F7}.Debug|x86.Build.0 = Debug|Any CPU
		{F524C772-F24E-40FE-A971-6FAB596C75F7}.Release|Any CPU.ActiveCfg = Release|Any CPU
		{F524C772-F24E-40FE-A971-6FAB596C75F7}.Release|Any CPU.Build.0 = Release|Any CPU
		{F524C772-F24E-40FE-A971-6FAB596C75F7}.Release|x86.ActiveCfg = Release|Any CPU
		{F524C772-F24E-40FE-A971-6FAB596C75F7}.Release|x86.Build.0 = Release|Any CPU
		{594C977A-29CD-4634-8EA5-144EBF6648F5}.Debug|Any CPU.ActiveCfg = Debug|Any CPU
		{594C977A-29CD-4634-8EA5-144EBF6648F5}.Debug|Any CPU.Build.0 = Debug|Any CPU
		{594C977A-29CD-4634-8EA5-144EBF6648F5}.Debug|x86.ActiveCfg = Debug|Any CPU
		{594C977A-29CD-4634-8EA5-144EBF6648F5}.Debug|x86.Build.0 = Debug|Any CPU
		{594C977A-29CD-4634-8EA5-144EBF6648F5}.Release|Any CPU.ActiveCfg = Release|Any CPU
		{594C977A-29CD-4634-8EA5-144EBF6648F5}.Release|Any CPU.Build.0 = Release|Any CPU
		{594C977A-29CD-4634-8EA5-144EBF6648F5}.Release|x86.ActiveCfg = Release|Any CPU
		{594C977A-29CD-4634-8EA5-144EBF6648F5}.Release|x86.Build.0 = Release|Any CPU
		{5BFCEA18-DE2F-402C-89E9-70446C7C4C3B}.Debug|Any CPU.ActiveCfg = Debug|Any CPU
		{5BFCEA18-DE2F-402C-89E9-70446C7C4C3B}.Debug|Any CPU.Build.0 = Debug|Any CPU
		{5BFCEA18-DE2F-402C-89E9-70446C7C4C3B}.Debug|x86.ActiveCfg = Debug|x86
		{5BFCEA18-DE2F-402C-89E9-70446C7C4C3B}.Debug|x86.Build.0 = Debug|x86
		{5BFCEA18-DE2F-402C-89E9-70446C7C4C3B}.Release|Any CPU.ActiveCfg = Release|Any CPU
		{5BFCEA18-DE2F-402C-89E9-70446C7C4C3B}.Release|Any CPU.Build.0 = Release|Any CPU
		{5BFCEA18-DE2F-402C-89E9-70446C7C4C3B}.Release|x86.ActiveCfg = Release|x86
		{5BFCEA18-DE2F-402C-89E9-70446C7C4C3B}.Release|x86.Build.0 = Release|x86
		{7F0DC87E-AF5B-4B20-AC5C-679F699B173C}.Debug|Any CPU.ActiveCfg = Debug|Any CPU
		{7F0DC87E-AF5B-4B20-AC5C-679F699B173C}.Debug|Any CPU.Build.0 = Debug|Any CPU
		{7F0DC87E-AF5B-4B20-AC5C-679F699B173C}.Debug|x86.ActiveCfg = Debug|Any CPU
		{7F0DC87E-AF5B-4B20-AC5C-679F699B173C}.Debug|x86.Build.0 = Debug|Any CPU
		{7F0DC87E-AF5B-4B20-AC5C-679F699B173C}.Release|Any CPU.ActiveCfg = Release|Any CPU
		{7F0DC87E-AF5B-4B20-AC5C-679F699B173C}.Release|Any CPU.Build.0 = Release|Any CPU
		{7F0DC87E-AF5B-4B20-AC5C-679F699B173C}.Release|x86.ActiveCfg = Release|Any CPU
		{7F0DC87E-AF5B-4B20-AC5C-679F699B173C}.Release|x86.Build.0 = Release|Any CPU
	EndGlobalSection
	GlobalSection(SolutionProperties) = preSolution
		HideSolutionNode = FALSE
	EndGlobalSection
	GlobalSection(NestedProjects) = preSolution
		{FD4D2BA2-103B-49F1-8062-02D262B477C6} = {B3A189DD-051D-4F8E-97A4-531F5C5BAC74}
		{DBE124A5-7EF5-43E3-8599-ECF050EC4571} = {B3A189DD-051D-4F8E-97A4-531F5C5BAC74}
		{827A65C5-C05B-4B05-8FDE-D459B39A1227} = {DBE124A5-7EF5-43E3-8599-ECF050EC4571}
		{F646405F-EC48-4CF9-A0C4-16E61CDFAEC1} = {DBE124A5-7EF5-43E3-8599-ECF050EC4571}
		{E402E1BA-0D7E-44C7-8DBD-9C2BE70F2877} = {DBE124A5-7EF5-43E3-8599-ECF050EC4571}
		{91DB0FBB-FE60-4996-A96E-1B7478574D29} = {DBE124A5-7EF5-43E3-8599-ECF050EC4571}
		{CA4FF01B-F94F-429D-8246-4F6A5596936F} = {DBE124A5-7EF5-43E3-8599-ECF050EC4571}
		{DA5D9510-D4D4-473C-9D31-2DDA01FEC73F} = {DBE124A5-7EF5-43E3-8599-ECF050EC4571}
		{53AEE6C8-007B-48DE-B5A1-4D4A75DD5E84} = {DBE124A5-7EF5-43E3-8599-ECF050EC4571}
		{E113F193-9280-4FA0-833C-1BB254D363E2} = {DBE124A5-7EF5-43E3-8599-ECF050EC4571}
		{D1178AC4-F0C6-4D06-8B4B-1A576D386150} = {DBE124A5-7EF5-43E3-8599-ECF050EC4571}
		{79DDCD35-8FC5-4342-85DA-4669D5C71580} = {FD4D2BA2-103B-49F1-8062-02D262B477C6}
		{9BB64C99-F7CD-4DA5-A692-8722A13128A0} = {FD4D2BA2-103B-49F1-8062-02D262B477C6}
		{1ED6D572-AF6B-49E0-8DA1-0BDCCCE82352} = {FD4D2BA2-103B-49F1-8062-02D262B477C6}
		{F290F45F-BDEA-49CF-90DA-713BF490ED02} = {FD4D2BA2-103B-49F1-8062-02D262B477C6}
		{ABA9213B-B166-4616-B5F7-11DC8BA31DFF} = {DBE124A5-7EF5-43E3-8599-ECF050EC4571}
		{CA9A4D60-8FB0-46B1-AD93-7D7A7FF8EE75} = {DBE124A5-7EF5-43E3-8599-ECF050EC4571}
		{D21843D6-9A47-4FB2-9843-456DE09D869F} = {DBE124A5-7EF5-43E3-8599-ECF050EC4571}
		{99CE32FE-1B03-4DA2-9CEA-92F5675A2A73} = {FD4D2BA2-103B-49F1-8062-02D262B477C6}
		{122340B6-DA74-42F9-98AC-74E76C56B67E} = {827A65C5-C05B-4B05-8FDE-D459B39A1227}
		{2978F88E-58D2-4584-B868-DDB22A59AFB2} = {041F0D95-3266-4EEE-8B00-1285C4741F13}
		{0960B171-AEA3-4B19-8819-EF6D69B0DA49} = {041F0D95-3266-4EEE-8B00-1285C4741F13}
		{B310EBFD-C793-46A8-803F-6A62A6CC396F} = {DBE124A5-7EF5-43E3-8599-ECF050EC4571}
		{03ECD4B6-5AC6-478A-A6C5-83583F5D244C} = {041F0D95-3266-4EEE-8B00-1285C4741F13}
		{E6A9B256-541B-44CA-8443-BD19DC60018B} = {DBE124A5-7EF5-43E3-8599-ECF050EC4571}
		{5A73BE2C-88BB-4287-B3AD-003E2F29E4B3} = {041F0D95-3266-4EEE-8B00-1285C4741F13}
		{9998255C-B684-46D6-AB79-C647E6EA55E9} = {041F0D95-3266-4EEE-8B00-1285C4741F13}
		{D2ED379C-AD13-4296-9E5F-04B25B114A58} = {DBE124A5-7EF5-43E3-8599-ECF050EC4571}
		{DA955680-6CFD-46CC-9ECC-998FC536D6B3} = {827A65C5-C05B-4B05-8FDE-D459B39A1227}
		{829C9476-80E4-4DAF-A6F1-88CA5258907B} = {DBE124A5-7EF5-43E3-8599-ECF050EC4571}
		{F524C772-F24E-40FE-A971-6FAB596C75F7} = {04755D4B-4217-4242-9072-E70A80BBD400}
		{594C977A-29CD-4634-8EA5-144EBF6648F5} = {DBE124A5-7EF5-43E3-8599-ECF050EC4571}
		{04755D4B-4217-4242-9072-E70A80BBD400} = {DBE124A5-7EF5-43E3-8599-ECF050EC4571}
		{5BFCEA18-DE2F-402C-89E9-70446C7C4C3B} = {FD4D2BA2-103B-49F1-8062-02D262B477C6}
		{7F0DC87E-AF5B-4B20-AC5C-679F699B173C} = {FD4D2BA2-103B-49F1-8062-02D262B477C6}
	EndGlobalSection
EndGlobal
