
Microsoft Visual Studio Solution File, Format Version 12.00
# Visual Studio 14
VisualStudioVersion = 14.0.25420.1
MinimumVisualStudioVersion = 10.0.40219.1
Project("{2150E333-8FDC-42A3-9474-1A3956D46DE8}") = "src", "src", "{B3A189DD-051D-4F8E-97A4-531F5C5BAC74}"
EndProject
Project("{2150E333-8FDC-42A3-9474-1A3956D46DE8}") = "Solution Items", "Solution Items", "{B6ECD4D7-B06E-4B37-B5BE-794E1F67951E}"
	ProjectSection(SolutionItems) = preProject
		global.json = global.json
	EndProjectSection
EndProject
Project("{8BB2217D-0F2D-49D1-97BC-3654ED321F3B}") = "ijw.Collection", "src\ijw.Collection\ijw.Collection.xproj", "{F646405F-EC48-4CF9-A0C4-16E61CDFAEC1}"
EndProject
Project("{8BB2217D-0F2D-49D1-97BC-3654ED321F3B}") = "ijw.IO", "src\ijw.IO\ijw.IO.xproj", "{E402E1BA-0D7E-44C7-8DBD-9C2BE70F2877}"
EndProject
Project("{8BB2217D-0F2D-49D1-97BC-3654ED321F3B}") = "ijw.Log", "src\ijw.Log\ijw.Log.xproj", "{91DB0FBB-FE60-4996-A96E-1B7478574D29}"
EndProject
Project("{8BB2217D-0F2D-49D1-97BC-3654ED321F3B}") = "ijw.Grid", "src\ijw.Grid\ijw.Grid.xproj", "{CA4FF01B-F94F-429D-8246-4F6A5596936F}"
EndProject
Project("{8BB2217D-0F2D-49D1-97BC-3654ED321F3B}") = "ijw.Net", "src\ijw.Net\ijw.Net.xproj", "{DA5D9510-D4D4-473C-9D31-2DDA01FEC73F}"
EndProject
Project("{8BB2217D-0F2D-49D1-97BC-3654ED321F3B}") = "ijw.Net.Http", "src\ijw.Net.Http\ijw.Net.Http.xproj", "{53AEE6C8-007B-48DE-B5A1-4D4A75DD5E84}"
EndProject
Project("{8BB2217D-0F2D-49D1-97BC-3654ED321F3B}") = "ijw.Net.Socket", "src\ijw.Net.Socket\ijw.Net.Socket.xproj", "{DC49BDE6-F223-4A38-A5F5-0C233B8EA535}"
EndProject
Project("{8BB2217D-0F2D-49D1-97BC-3654ED321F3B}") = "ijw.Maths", "src\ijw.Maths\ijw.Maths.xproj", "{E113F193-9280-4FA0-833C-1BB254D363E2}"
EndProject
Project("{8BB2217D-0F2D-49D1-97BC-3654ED321F3B}") = "ijw.Data", "src\ijw.Data\ijw.Data.xproj", "{D1178AC4-F0C6-4D06-8B4B-1A576D386150}"
EndProject
Project("{2150E333-8FDC-42A3-9474-1A3956D46DE8}") = "Windows Desktop", "Windows Desktop", "{FD4D2BA2-103B-49F1-8062-02D262B477C6}"
EndProject
Project("{2150E333-8FDC-42A3-9474-1A3956D46DE8}") = "Cross Platform", "Cross Platform", "{DBE124A5-7EF5-43E3-8599-ECF050EC4571}"
EndProject
Project("{2150E333-8FDC-42A3-9474-1A3956D46DE8}") = "binary waiting", "binary waiting", "{827A65C5-C05B-4B05-8FDE-D459B39A1227}"
EndProject
Project("{8BB2217D-0F2D-49D1-97BC-3654ED321F3B}") = "ijw.Client", "src\ijw.Client\ijw.Client.xproj", "{79DDCD35-8FC5-4342-85DA-4669D5C71580}"
EndProject
Project("{8BB2217D-0F2D-49D1-97BC-3654ED321F3B}") = "ijw.Client.Win32", "src\ijw.Client.Win32\ijw.Client.Win32.xproj", "{9BB64C99-F7CD-4DA5-A692-8722A13128A0}"
EndProject
Project("{8BB2217D-0F2D-49D1-97BC-3654ED321F3B}") = "ijw.Client.WinConsole", "src\ijw.Client.WinConsole\ijw.Client.WinConsole.xproj", "{1ED6D572-AF6B-49E0-8DA1-0BDCCCE82352}"
EndProject
Project("{8BB2217D-0F2D-49D1-97BC-3654ED321F3B}") = "ijw.Data.Entity", "src\ijw.Data.Entity\ijw.Data.Entity.xproj", "{F290F45F-BDEA-49CF-90DA-713BF490ED02}"
EndProject
Project("{8BB2217D-0F2D-49D1-97BC-3654ED321F3B}") = "ijw.AI.ANN", "src\ijw.AI.ANN\ijw.AI.ANN.xproj", "{ABA9213B-B166-4616-B5F7-11DC8BA31DFF}"
EndProject
Project("{8BB2217D-0F2D-49D1-97BC-3654ED321F3B}") = "ijw.AI.ANN.BP", "src\ijw.AI.ANN.BP\ijw.AI.ANN.BP.xproj", "{CA9A4D60-8FB0-46B1-AD93-7D7A7FF8EE75}"
EndProject
Project("{8BB2217D-0F2D-49D1-97BC-3654ED321F3B}") = "ijw.AI.PSO", "src\ijw.AI.PSO\ijw.AI.PSO.xproj", "{D21843D6-9A47-4FB2-9843-456DE09D869F}"
EndProject
Project("{8BB2217D-0F2D-49D1-97BC-3654ED321F3B}") = "ijw.Client.Winform", "src\ijw.Client.Winform\ijw.Client.Winform.xproj", "{99CE32FE-1B03-4DA2-9CEA-92F5675A2A73}"
EndProject
Project("{8BB2217D-0F2D-49D1-97BC-3654ED321F3B}") = "ijw.Serialization", "src\ijw.Serialization\ijw.Serialization.xproj", "{122340B6-DA74-42F9-98AC-74E76C56B67E}"
EndProject
Project("{2150E333-8FDC-42A3-9474-1A3956D46DE8}") = "test", "test", "{041F0D95-3266-4EEE-8B00-1285C4741F13}"
EndProject
Project("{8BB2217D-0F2D-49D1-97BC-3654ED321F3B}") = "ijw.Collection.xTest", "test\ijw.Collection.xTest\ijw.Collection.xTest.xproj", "{2978F88E-58D2-4584-B868-DDB22A59AFB2}"
EndProject
Project("{8BB2217D-0F2D-49D1-97BC-3654ED321F3B}") = "ijw.Data.xTest", "test\ijw.Data.xTest\ijw.Data.xTest.xproj", "{0960B171-AEA3-4B19-8819-EF6D69B0DA49}"
EndProject
Project("{8BB2217D-0F2D-49D1-97BC-3654ED321F3B}") = "ijw.Reflection", "src\ijw.Reflection\ijw.Reflection.xproj", "{B310EBFD-C793-46A8-803F-6A62A6CC396F}"
EndProject
Project("{8BB2217D-0F2D-49D1-97BC-3654ED321F3B}") = "ijw.Reflection.xTest", "test\ijw.Reflection.xTest\ijw.Reflection.xTest.xproj", "{03ECD4B6-5AC6-478A-A6C5-83583F5D244C}"
EndProject
Project("{8BB2217D-0F2D-49D1-97BC-3654ED321F3B}") = "ijw.Core", "src\ijw.Core\ijw.Core.xproj", "{E6A9B256-541B-44CA-8443-BD19DC60018B}"
EndProject
Project("{8BB2217D-0F2D-49D1-97BC-3654ED321F3B}") = "ijw.Core.xTest", "test\ijw.Core.xTest\ijw.Core.xTest.xproj", "{5A73BE2C-88BB-4287-B3AD-003E2F29E4B3}"
EndProject
Project("{8BB2217D-0F2D-49D1-97BC-3654ED321F3B}") = "ijw.Core.Test.ConsoleApp", "test\ijw.Core.Test.ConsoleApp\ijw.Core.Test.ConsoleApp.xproj", "{2B5F5B3C-3A82-49A5-896F-725092124AD9}"
EndProject
Project("{FAE04EC0-301F-11D3-BF4B-00C04F79EFBC}") = "ijw.Core.Test.ConsoleApplication.NET452", "test\ijw.Core.Test.ConsoleApplication.NET452\ijw.Core.Test.ConsoleApplication.NET452.csproj", "{9998255C-B684-46D6-AB79-C647E6EA55E9}"
EndProject
Project("{2150E333-8FDC-42A3-9474-1A3956D46DE8}") = "net45up", "net45up", "{BBFE7B22-1895-459B-BF83-470667817207}"
EndProject
Project("{8BB2217D-0F2D-49D1-97BC-3654ED321F3B}") = "ijw.Threading.Tasks", "src\ijw.Threading.Tasks\ijw.Threading.Tasks.xproj", "{D2ED379C-AD13-4296-9E5F-04B25B114A58}"
EndProject
Global
	GlobalSection(SolutionConfigurationPlatforms) = preSolution
		Debug|Any CPU = Debug|Any CPU
		Release|Any CPU = Release|Any CPU
	EndGlobalSection
	GlobalSection(ProjectConfigurationPlatforms) = postSolution
		{F646405F-EC48-4CF9-A0C4-16E61CDFAEC1}.Debug|Any CPU.ActiveCfg = Debug|Any CPU
		{F646405F-EC48-4CF9-A0C4-16E61CDFAEC1}.Debug|Any CPU.Build.0 = Debug|Any CPU
		{F646405F-EC48-4CF9-A0C4-16E61CDFAEC1}.Release|Any CPU.ActiveCfg = Release|Any CPU
		{F646405F-EC48-4CF9-A0C4-16E61CDFAEC1}.Release|Any CPU.Build.0 = Release|Any CPU
		{E402E1BA-0D7E-44C7-8DBD-9C2BE70F2877}.Debug|Any CPU.ActiveCfg = Debug|Any CPU
		{E402E1BA-0D7E-44C7-8DBD-9C2BE70F2877}.Debug|Any CPU.Build.0 = Debug|Any CPU
		{E402E1BA-0D7E-44C7-8DBD-9C2BE70F2877}.Release|Any CPU.ActiveCfg = Release|Any CPU
		{E402E1BA-0D7E-44C7-8DBD-9C2BE70F2877}.Release|Any CPU.Build.0 = Release|Any CPU
		{91DB0FBB-FE60-4996-A96E-1B7478574D29}.Debug|Any CPU.ActiveCfg = Debug|Any CPU
		{91DB0FBB-FE60-4996-A96E-1B7478574D29}.Debug|Any CPU.Build.0 = Debug|Any CPU
		{91DB0FBB-FE60-4996-A96E-1B7478574D29}.Release|Any CPU.ActiveCfg = Release|Any CPU
		{91DB0FBB-FE60-4996-A96E-1B7478574D29}.Release|Any CPU.Build.0 = Release|Any CPU
		{CA4FF01B-F94F-429D-8246-4F6A5596936F}.Debug|Any CPU.ActiveCfg = Debug|Any CPU
		{CA4FF01B-F94F-429D-8246-4F6A5596936F}.Debug|Any CPU.Build.0 = Debug|Any CPU
		{CA4FF01B-F94F-429D-8246-4F6A5596936F}.Release|Any CPU.ActiveCfg = Release|Any CPU
		{CA4FF01B-F94F-429D-8246-4F6A5596936F}.Release|Any CPU.Build.0 = Release|Any CPU
		{DA5D9510-D4D4-473C-9D31-2DDA01FEC73F}.Debug|Any CPU.ActiveCfg = Debug|Any CPU
		{DA5D9510-D4D4-473C-9D31-2DDA01FEC73F}.Debug|Any CPU.Build.0 = Debug|Any CPU
		{DA5D9510-D4D4-473C-9D31-2DDA01FEC73F}.Release|Any CPU.ActiveCfg = Release|Any CPU
		{DA5D9510-D4D4-473C-9D31-2DDA01FEC73F}.Release|Any CPU.Build.0 = Release|Any CPU
		{53AEE6C8-007B-48DE-B5A1-4D4A75DD5E84}.Debug|Any CPU.ActiveCfg = Debug|Any CPU
		{53AEE6C8-007B-48DE-B5A1-4D4A75DD5E84}.Debug|Any CPU.Build.0 = Debug|Any CPU
		{53AEE6C8-007B-48DE-B5A1-4D4A75DD5E84}.Release|Any CPU.ActiveCfg = Release|Any CPU
		{53AEE6C8-007B-48DE-B5A1-4D4A75DD5E84}.Release|Any CPU.Build.0 = Release|Any CPU
		{DC49BDE6-F223-4A38-A5F5-0C233B8EA535}.Debug|Any CPU.ActiveCfg = Debug|Any CPU
		{DC49BDE6-F223-4A38-A5F5-0C233B8EA535}.Debug|Any CPU.Build.0 = Debug|Any CPU
		{DC49BDE6-F223-4A38-A5F5-0C233B8EA535}.Release|Any CPU.ActiveCfg = Release|Any CPU
		{DC49BDE6-F223-4A38-A5F5-0C233B8EA535}.Release|Any CPU.Build.0 = Release|Any CPU
		{E113F193-9280-4FA0-833C-1BB254D363E2}.Debug|Any CPU.ActiveCfg = Debug|Any CPU
		{E113F193-9280-4FA0-833C-1BB254D363E2}.Debug|Any CPU.Build.0 = Debug|Any CPU
		{E113F193-9280-4FA0-833C-1BB254D363E2}.Release|Any CPU.ActiveCfg = Release|Any CPU
		{E113F193-9280-4FA0-833C-1BB254D363E2}.Release|Any CPU.Build.0 = Release|Any CPU
		{D1178AC4-F0C6-4D06-8B4B-1A576D386150}.Debug|Any CPU.ActiveCfg = Debug|Any CPU
		{D1178AC4-F0C6-4D06-8B4B-1A576D386150}.Debug|Any CPU.Build.0 = Debug|Any CPU
		{D1178AC4-F0C6-4D06-8B4B-1A576D386150}.Release|Any CPU.ActiveCfg = Release|Any CPU
		{D1178AC4-F0C6-4D06-8B4B-1A576D386150}.Release|Any CPU.Build.0 = Release|Any CPU
		{79DDCD35-8FC5-4342-85DA-4669D5C71580}.Debug|Any CPU.ActiveCfg = Debug|Any CPU
		{79DDCD35-8FC5-4342-85DA-4669D5C71580}.Debug|Any CPU.Build.0 = Debug|Any CPU
		{79DDCD35-8FC5-4342-85DA-4669D5C71580}.Release|Any CPU.ActiveCfg = Release|Any CPU
		{79DDCD35-8FC5-4342-85DA-4669D5C71580}.Release|Any CPU.Build.0 = Release|Any CPU
		{9BB64C99-F7CD-4DA5-A692-8722A13128A0}.Debug|Any CPU.ActiveCfg = Debug|Any CPU
		{9BB64C99-F7CD-4DA5-A692-8722A13128A0}.Debug|Any CPU.Build.0 = Debug|Any CPU
		{9BB64C99-F7CD-4DA5-A692-8722A13128A0}.Release|Any CPU.ActiveCfg = Release|Any CPU
		{9BB64C99-F7CD-4DA5-A692-8722A13128A0}.Release|Any CPU.Build.0 = Release|Any CPU
		{1ED6D572-AF6B-49E0-8DA1-0BDCCCE82352}.Debug|Any CPU.ActiveCfg = Debug|Any CPU
		{1ED6D572-AF6B-49E0-8DA1-0BDCCCE82352}.Debug|Any CPU.Build.0 = Debug|Any CPU
		{1ED6D572-AF6B-49E0-8DA1-0BDCCCE82352}.Release|Any CPU.ActiveCfg = Release|Any CPU
		{1ED6D572-AF6B-49E0-8DA1-0BDCCCE82352}.Release|Any CPU.Build.0 = Release|Any CPU
		{F290F45F-BDEA-49CF-90DA-713BF490ED02}.Debug|Any CPU.ActiveCfg = Debug|Any CPU
		{F290F45F-BDEA-49CF-90DA-713BF490ED02}.Debug|Any CPU.Build.0 = Debug|Any CPU
		{F290F45F-BDEA-49CF-90DA-713BF490ED02}.Release|Any CPU.ActiveCfg = Release|Any CPU
		{F290F45F-BDEA-49CF-90DA-713BF490ED02}.Release|Any CPU.Build.0 = Release|Any CPU
		{ABA9213B-B166-4616-B5F7-11DC8BA31DFF}.Debug|Any CPU.ActiveCfg = Debug|Any CPU
		{ABA9213B-B166-4616-B5F7-11DC8BA31DFF}.Debug|Any CPU.Build.0 = Debug|Any CPU
		{ABA9213B-B166-4616-B5F7-11DC8BA31DFF}.Release|Any CPU.ActiveCfg = Release|Any CPU
		{ABA9213B-B166-4616-B5F7-11DC8BA31DFF}.Release|Any CPU.Build.0 = Release|Any CPU
		{CA9A4D60-8FB0-46B1-AD93-7D7A7FF8EE75}.Debug|Any CPU.ActiveCfg = Debug|Any CPU
		{CA9A4D60-8FB0-46B1-AD93-7D7A7FF8EE75}.Debug|Any CPU.Build.0 = Debug|Any CPU
		{CA9A4D60-8FB0-46B1-AD93-7D7A7FF8EE75}.Release|Any CPU.ActiveCfg = Release|Any CPU
		{CA9A4D60-8FB0-46B1-AD93-7D7A7FF8EE75}.Release|Any CPU.Build.0 = Release|Any CPU
		{D21843D6-9A47-4FB2-9843-456DE09D869F}.Debug|Any CPU.ActiveCfg = Debug|Any CPU
		{D21843D6-9A47-4FB2-9843-456DE09D869F}.Debug|Any CPU.Build.0 = Debug|Any CPU
		{D21843D6-9A47-4FB2-9843-456DE09D869F}.Release|Any CPU.ActiveCfg = Release|Any CPU
		{D21843D6-9A47-4FB2-9843-456DE09D869F}.Release|Any CPU.Build.0 = Release|Any CPU
		{99CE32FE-1B03-4DA2-9CEA-92F5675A2A73}.Debug|Any CPU.ActiveCfg = Debug|Any CPU
		{99CE32FE-1B03-4DA2-9CEA-92F5675A2A73}.Debug|Any CPU.Build.0 = Debug|Any CPU
		{99CE32FE-1B03-4DA2-9CEA-92F5675A2A73}.Release|Any CPU.ActiveCfg = Release|Any CPU
		{99CE32FE-1B03-4DA2-9CEA-92F5675A2A73}.Release|Any CPU.Build.0 = Release|Any CPU
		{122340B6-DA74-42F9-98AC-74E76C56B67E}.Debug|Any CPU.ActiveCfg = Debug|Any CPU
		{122340B6-DA74-42F9-98AC-74E76C56B67E}.Debug|Any CPU.Build.0 = Debug|Any CPU
		{122340B6-DA74-42F9-98AC-74E76C56B67E}.Release|Any CPU.ActiveCfg = Release|Any CPU
		{122340B6-DA74-42F9-98AC-74E76C56B67E}.Release|Any CPU.Build.0 = Release|Any CPU
		{2978F88E-58D2-4584-B868-DDB22A59AFB2}.Debug|Any CPU.ActiveCfg = Debug|Any CPU
		{2978F88E-58D2-4584-B868-DDB22A59AFB2}.Debug|Any CPU.Build.0 = Debug|Any CPU
		{2978F88E-58D2-4584-B868-DDB22A59AFB2}.Release|Any CPU.ActiveCfg = Release|Any CPU
		{2978F88E-58D2-4584-B868-DDB22A59AFB2}.Release|Any CPU.Build.0 = Release|Any CPU
		{0960B171-AEA3-4B19-8819-EF6D69B0DA49}.Debug|Any CPU.ActiveCfg = Debug|Any CPU
		{0960B171-AEA3-4B19-8819-EF6D69B0DA49}.Debug|Any CPU.Build.0 = Debug|Any CPU
		{0960B171-AEA3-4B19-8819-EF6D69B0DA49}.Release|Any CPU.ActiveCfg = Release|Any CPU
		{0960B171-AEA3-4B19-8819-EF6D69B0DA49}.Release|Any CPU.Build.0 = Release|Any CPU
		{B310EBFD-C793-46A8-803F-6A62A6CC396F}.Debug|Any CPU.ActiveCfg = Debug|Any CPU
		{B310EBFD-C793-46A8-803F-6A62A6CC396F}.Debug|Any CPU.Build.0 = Debug|Any CPU
		{B310EBFD-C793-46A8-803F-6A62A6CC396F}.Release|Any CPU.ActiveCfg = Release|Any CPU
		{B310EBFD-C793-46A8-803F-6A62A6CC396F}.Release|Any CPU.Build.0 = Release|Any CPU
		{03ECD4B6-5AC6-478A-A6C5-83583F5D244C}.Debug|Any CPU.ActiveCfg = Debug|Any CPU
		{03ECD4B6-5AC6-478A-A6C5-83583F5D244C}.Debug|Any CPU.Build.0 = Debug|Any CPU
		{03ECD4B6-5AC6-478A-A6C5-83583F5D244C}.Release|Any CPU.ActiveCfg = Release|Any CPU
		{03ECD4B6-5AC6-478A-A6C5-83583F5D244C}.Release|Any CPU.Build.0 = Release|Any CPU
		{E6A9B256-541B-44CA-8443-BD19DC60018B}.Debug|Any CPU.ActiveCfg = Debug|Any CPU
		{E6A9B256-541B-44CA-8443-BD19DC60018B}.Debug|Any CPU.Build.0 = Debug|Any CPU
		{E6A9B256-541B-44CA-8443-BD19DC60018B}.Release|Any CPU.ActiveCfg = Release|Any CPU
		{E6A9B256-541B-44CA-8443-BD19DC60018B}.Release|Any CPU.Build.0 = Release|Any CPU
		{5A73BE2C-88BB-4287-B3AD-003E2F29E4B3}.Debug|Any CPU.ActiveCfg = Debug|Any CPU
		{5A73BE2C-88BB-4287-B3AD-003E2F29E4B3}.Debug|Any CPU.Build.0 = Debug|Any CPU
		{5A73BE2C-88BB-4287-B3AD-003E2F29E4B3}.Release|Any CPU.ActiveCfg = Release|Any CPU
		{5A73BE2C-88BB-4287-B3AD-003E2F29E4B3}.Release|Any CPU.Build.0 = Release|Any CPU
		{2B5F5B3C-3A82-49A5-896F-725092124AD9}.Debug|Any CPU.ActiveCfg = Debug|Any CPU
		{2B5F5B3C-3A82-49A5-896F-725092124AD9}.Debug|Any CPU.Build.0 = Debug|Any CPU
		{2B5F5B3C-3A82-49A5-896F-725092124AD9}.Release|Any CPU.ActiveCfg = Release|Any CPU
		{2B5F5B3C-3A82-49A5-896F-725092124AD9}.Release|Any CPU.Build.0 = Release|Any CPU
		{9998255C-B684-46D6-AB79-C647E6EA55E9}.Debug|Any CPU.ActiveCfg = Debug|Any CPU
		{9998255C-B684-46D6-AB79-C647E6EA55E9}.Debug|Any CPU.Build.0 = Debug|Any CPU
		{9998255C-B684-46D6-AB79-C647E6EA55E9}.Release|Any CPU.ActiveCfg = Release|Any CPU
		{9998255C-B684-46D6-AB79-C647E6EA55E9}.Release|Any CPU.Build.0 = Release|Any CPU
		{D2ED379C-AD13-4296-9E5F-04B25B114A58}.Debug|Any CPU.ActiveCfg = Debug|Any CPU
		{D2ED379C-AD13-4296-9E5F-04B25B114A58}.Debug|Any CPU.Build.0 = Debug|Any CPU
		{D2ED379C-AD13-4296-9E5F-04B25B114A58}.Release|Any CPU.ActiveCfg = Release|Any CPU
		{D2ED379C-AD13-4296-9E5F-04B25B114A58}.Release|Any CPU.Build.0 = Release|Any CPU
	EndGlobalSection
	GlobalSection(SolutionProperties) = preSolution
		HideSolutionNode = FALSE
	EndGlobalSection
	GlobalSection(NestedProjects) = preSolution
		{F646405F-EC48-4CF9-A0C4-16E61CDFAEC1} = {DBE124A5-7EF5-43E3-8599-ECF050EC4571}
		{E402E1BA-0D7E-44C7-8DBD-9C2BE70F2877} = {827A65C5-C05B-4B05-8FDE-D459B39A1227}
		{91DB0FBB-FE60-4996-A96E-1B7478574D29} = {DBE124A5-7EF5-43E3-8599-ECF050EC4571}
		{CA4FF01B-F94F-429D-8246-4F6A5596936F} = {DBE124A5-7EF5-43E3-8599-ECF050EC4571}
		{DA5D9510-D4D4-473C-9D31-2DDA01FEC73F} = {DBE124A5-7EF5-43E3-8599-ECF050EC4571}
		{53AEE6C8-007B-48DE-B5A1-4D4A75DD5E84} = {FD4D2BA2-103B-49F1-8062-02D262B477C6}
		{DC49BDE6-F223-4A38-A5F5-0C233B8EA535} = {827A65C5-C05B-4B05-8FDE-D459B39A1227}
		{E113F193-9280-4FA0-833C-1BB254D363E2} = {DBE124A5-7EF5-43E3-8599-ECF050EC4571}
		{D1178AC4-F0C6-4D06-8B4B-1A576D386150} = {DBE124A5-7EF5-43E3-8599-ECF050EC4571}
		{FD4D2BA2-103B-49F1-8062-02D262B477C6} = {B3A189DD-051D-4F8E-97A4-531F5C5BAC74}
		{DBE124A5-7EF5-43E3-8599-ECF050EC4571} = {B3A189DD-051D-4F8E-97A4-531F5C5BAC74}
		{827A65C5-C05B-4B05-8FDE-D459B39A1227} = {DBE124A5-7EF5-43E3-8599-ECF050EC4571}
		{79DDCD35-8FC5-4342-85DA-4669D5C71580} = {FD4D2BA2-103B-49F1-8062-02D262B477C6}
		{9BB64C99-F7CD-4DA5-A692-8722A13128A0} = {FD4D2BA2-103B-49F1-8062-02D262B477C6}
		{1ED6D572-AF6B-49E0-8DA1-0BDCCCE82352} = {FD4D2BA2-103B-49F1-8062-02D262B477C6}
		{F290F45F-BDEA-49CF-90DA-713BF490ED02} = {FD4D2BA2-103B-49F1-8062-02D262B477C6}
		{ABA9213B-B166-4616-B5F7-11DC8BA31DFF} = {DBE124A5-7EF5-43E3-8599-ECF050EC4571}
		{CA9A4D60-8FB0-46B1-AD93-7D7A7FF8EE75} = {DBE124A5-7EF5-43E3-8599-ECF050EC4571}
		{D21843D6-9A47-4FB2-9843-456DE09D869F} = {DBE124A5-7EF5-43E3-8599-ECF050EC4571}
		{99CE32FE-1B03-4DA2-9CEA-92F5675A2A73} = {FD4D2BA2-103B-49F1-8062-02D262B477C6}
		{122340B6-DA74-42F9-98AC-74E76C56B67E} = {827A65C5-C05B-4B05-8FDE-D459B39A1227}
		{2978F88E-58D2-4584-B868-DDB22A59AFB2} = {041F0D95-3266-4EEE-8B00-1285C4741F13}
		{0960B171-AEA3-4B19-8819-EF6D69B0DA49} = {041F0D95-3266-4EEE-8B00-1285C4741F13}
		{B310EBFD-C793-46A8-803F-6A62A6CC396F} = {DBE124A5-7EF5-43E3-8599-ECF050EC4571}
		{03ECD4B6-5AC6-478A-A6C5-83583F5D244C} = {041F0D95-3266-4EEE-8B00-1285C4741F13}
		{E6A9B256-541B-44CA-8443-BD19DC60018B} = {DBE124A5-7EF5-43E3-8599-ECF050EC4571}
		{5A73BE2C-88BB-4287-B3AD-003E2F29E4B3} = {041F0D95-3266-4EEE-8B00-1285C4741F13}
		{2B5F5B3C-3A82-49A5-896F-725092124AD9} = {041F0D95-3266-4EEE-8B00-1285C4741F13}
		{9998255C-B684-46D6-AB79-C647E6EA55E9} = {041F0D95-3266-4EEE-8B00-1285C4741F13}
		{BBFE7B22-1895-459B-BF83-470667817207} = {DBE124A5-7EF5-43E3-8599-ECF050EC4571}
		{D2ED379C-AD13-4296-9E5F-04B25B114A58} = {BBFE7B22-1895-459B-BF83-470667817207}
	EndGlobalSection
EndGlobal
